
Microsoft Visual Studio Solution File, Format Version 12.00
# Visual Studio Version 17
VisualStudioVersion = 17.3.32825.248
MinimumVisualStudioVersion = 10.0.40219.1
Project("{9A19103F-16F7-4668-BE54-9A1E7A4F7556}") = "davaleba 333", "davaleba 333\davaleba 333.csproj", "{DC81B474-0E63-4E4F-A326-C5BC0477C255}"
EndProject
Project("{9A19103F-16F7-4668-BE54-9A1E7A4F7556}") = "TestProject1", "TestProject1\TestProject1.csproj", "{9C0C22BD-4EA0-41F6-9656-27382C26DEC5}"
EndProject
Project("{FAE04EC0-301F-11D3-BF4B-00C04F79EFBC}") = "Servicess", "Servicess\Servicess.csproj", "{B872DC7B-FF42-4FCB-933A-C85E2C80577C}"
EndProject
Global
	GlobalSection(SolutionConfigurationPlatforms) = preSolution
		Debug|Any CPU = Debug|Any CPU
		Release|Any CPU = Release|Any CPU
	EndGlobalSection
	GlobalSection(ProjectConfigurationPlatforms) = postSolution
		{DC81B474-0E63-4E4F-A326-C5BC0477C255}.Debug|Any CPU.ActiveCfg = Debug|Any CPU
		{DC81B474-0E63-4E4F-A326-C5BC0477C255}.Debug|Any CPU.Build.0 = Debug|Any CPU
		{DC81B474-0E63-4E4F-A326-C5BC0477C255}.Release|Any CPU.ActiveCfg = Release|Any CPU
		{DC81B474-0E63-4E4F-A326-C5BC0477C255}.Release|Any CPU.Build.0 = Release|Any CPU
		{9C0C22BD-4EA0-41F6-9656-27382C26DEC5}.Debug|Any CPU.ActiveCfg = Debug|Any CPU
		{9C0C22BD-4EA0-41F6-9656-27382C26DEC5}.Debug|Any CPU.Build.0 = Debug|Any CPU
		{9C0C22BD-4EA0-41F6-9656-27382C26DEC5}.Release|Any CPU.ActiveCfg = Release|Any CPU
		{9C0C22BD-4EA0-41F6-9656-27382C26DEC5}.Release|Any CPU.Build.0 = Release|Any CPU
		{B872DC7B-FF42-4FCB-933A-C85E2C80577C}.Debug|Any CPU.ActiveCfg = Debug|Any CPU
		{B872DC7B-FF42-4FCB-933A-C85E2C80577C}.Debug|Any CPU.Build.0 = Debug|Any CPU
		{B872DC7B-FF42-4FCB-933A-C85E2C80577C}.Release|Any CPU.ActiveCfg = Release|Any CPU
		{B872DC7B-FF42-4FCB-933A-C85E2C80577C}.Release|Any CPU.Build.0 = Release|Any CPU
	EndGlobalSection
	GlobalSection(SolutionProperties) = preSolution
		HideSolutionNode = FALSE
	EndGlobalSection
	GlobalSection(ExtensibilityGlobals) = postSolution
		SolutionGuid = {74A16B18-7E4D-4CFF-AE16-B50F477AB68C}
	EndGlobalSection
EndGlobal
